
Microsoft Visual Studio Solution File, Format Version 12.00
# Visual Studio Version 17
VisualStudioVersion = 17.13.35818.85 d17.13
MinimumVisualStudioVersion = 10.0.40219.1
Project("{FAE04EC0-301F-11D3-BF4B-00C04F79EFBC}") = "escola", "escola.csproj", "{45753D12-926D-4990-8609-CA65AFCF4152}"
EndProject
Global
	GlobalSection(SolutionConfigurationPlatforms) = preSolution
		Debug|Any CPU = Debug|Any CPU
		Release|Any CPU = Release|Any CPU
	EndGlobalSection
	GlobalSection(ProjectConfigurationPlatforms) = postSolution
		{45753D12-926D-4990-8609-CA65AFCF4152}.Debug|Any CPU.ActiveCfg = Debug|Any CPU
		{45753D12-926D-4990-8609-CA65AFCF4152}.Debug|Any CPU.Build.0 = Debug|Any CPU
		{45753D12-926D-4990-8609-CA65AFCF4152}.Release|Any CPU.ActiveCfg = Release|Any CPU
		{45753D12-926D-4990-8609-CA65AFCF4152}.Release|Any CPU.Build.0 = Release|Any CPU
	EndGlobalSection
	GlobalSection(SolutionProperties) = preSolution
		HideSolutionNode = FALSE
	EndGlobalSection
	GlobalSection(ExtensibilityGlobals) = postSolution
		SolutionGuid = {70755090-95E8-452F-B518-400DEBBF7EEC}
	EndGlobalSection
EndGlobal
